{
  "name": "@definejs/lines",
  "version": "0.1.1",
  "lockfileVersion": 1,
  "requires": true,
  "dependencies": {
    "@definejs/string": {
      "version": "0.1.5",
      "resolved": "https://registry.npmjs.org/@definejs/string/-/string-0.1.5.tgz",
      "integrity": "sha512-vQBMujgfLJdZOoxizeJUO87n50z/wQIkiwnFedChl8H9IuEa8FuKMIeZ2cQb1q0tphIPLTiXe4Mh+N5oe1NT5w=="
    }
  }
}
